
Microsoft Visual Studio Solution File, Format Version 12.00
# Visual Studio Version 17
VisualStudioVersion = 17.1.32328.378
MinimumVisualStudioVersion = 10.0.40219.1
Project("{FAE04EC0-301F-11D3-BF4B-00C04F79EFBC}") = "GenericPracticeProblem", "GenericPracticeProblem.csproj", "{D161CF1A-23DE-4060-BDEF-36CA0FD90579}"
EndProject
Global
	GlobalSection(SolutionConfigurationPlatforms) = preSolution
		Debug|Any CPU = Debug|Any CPU
		Release|Any CPU = Release|Any CPU
	EndGlobalSection
	GlobalSection(ProjectConfigurationPlatforms) = postSolution
		{D161CF1A-23DE-4060-BDEF-36CA0FD90579}.Debug|Any CPU.ActiveCfg = Debug|Any CPU
		{D161CF1A-23DE-4060-BDEF-36CA0FD90579}.Debug|Any CPU.Build.0 = Debug|Any CPU
		{D161CF1A-23DE-4060-BDEF-36CA0FD90579}.Release|Any CPU.ActiveCfg = Release|Any CPU
		{D161CF1A-23DE-4060-BDEF-36CA0FD90579}.Release|Any CPU.Build.0 = Release|Any CPU
	EndGlobalSection
	GlobalSection(SolutionProperties) = preSolution
		HideSolutionNode = FALSE
	EndGlobalSection
	GlobalSection(ExtensibilityGlobals) = postSolution
		SolutionGuid = {EA9E30CF-E916-42EA-92C5-6DB39216CE23}
	EndGlobalSection
EndGlobal
